
Microsoft Visual Studio Solution File, Format Version 12.00
# Visual Studio Version 17
VisualStudioVersion = 17.5.002.0
MinimumVisualStudioVersion = 10.0.40219.1
Project("{9A19103F-16F7-4668-BE54-9A1E7A4F7556}") = "WordlessAPI", "WordlessAPI.csproj", "{36162BCF-2F0D-413F-BE4B-833B88B4E45B}"
EndProject
Global
	GlobalSection(SolutionConfigurationPlatforms) = preSolution
		Debug|Any CPU = Debug|Any CPU
		Release|Any CPU = Release|Any CPU
	EndGlobalSection
	GlobalSection(ProjectConfigurationPlatforms) = postSolution
		{36162BCF-2F0D-413F-BE4B-833B88B4E45B}.Debug|Any CPU.ActiveCfg = Debug|Any CPU
		{36162BCF-2F0D-413F-BE4B-833B88B4E45B}.Debug|Any CPU.Build.0 = Debug|Any CPU
		{36162BCF-2F0D-413F-BE4B-833B88B4E45B}.Release|Any CPU.ActiveCfg = Release|Any CPU
		{36162BCF-2F0D-413F-BE4B-833B88B4E45B}.Release|Any CPU.Build.0 = Release|Any CPU
	EndGlobalSection
	GlobalSection(SolutionProperties) = preSolution
		HideSolutionNode = FALSE
	EndGlobalSection
	GlobalSection(ExtensibilityGlobals) = postSolution
		SolutionGuid = {7B848ACF-37BA-4389-BE1B-DD8DE95AE9BD}
	EndGlobalSection
EndGlobal
